
Microsoft Visual Studio Solution File, Format Version 12.00
# Visual Studio Version 16
VisualStudioVersion = 16.0.30907.101
MinimumVisualStudioVersion = 10.0.40219.1
Project("{FAE04EC0-301F-11D3-BF4B-00C04F79EFBC}") = "Hff.JwtBackend.Entities", "Hff.JwtBackend.Entities\Hff.JwtBackend.Entities.csproj", "{89AD28FC-23E3-4A01-8AFE-0FB1B0B3CFD9}"
EndProject
Project("{FAE04EC0-301F-11D3-BF4B-00C04F79EFBC}") = "Hff.JwtBackend.DataAccess", "Hff.JwtBackend.DataAccess\Hff.JwtBackend.DataAccess.csproj", "{B148ABA9-3D25-4C48-8A65-E22F6DB04706}"
EndProject
Project("{FAE04EC0-301F-11D3-BF4B-00C04F79EFBC}") = "Hff.JwtBackend.Business", "Hff.JwtBackend.Business\Hff.JwtBackend.Business.csproj", "{24321771-4B6B-467C-8836-E46ADBDDF4B8}"
EndProject
Global
	GlobalSection(SolutionConfigurationPlatforms) = preSolution
		Debug|Any CPU = Debug|Any CPU
		Release|Any CPU = Release|Any CPU
	EndGlobalSection
	GlobalSection(ProjectConfigurationPlatforms) = postSolution
		{89AD28FC-23E3-4A01-8AFE-0FB1B0B3CFD9}.Debug|Any CPU.ActiveCfg = Debug|Any CPU
		{89AD28FC-23E3-4A01-8AFE-0FB1B0B3CFD9}.Debug|Any CPU.Build.0 = Debug|Any CPU
		{89AD28FC-23E3-4A01-8AFE-0FB1B0B3CFD9}.Release|Any CPU.ActiveCfg = Release|Any CPU
		{89AD28FC-23E3-4A01-8AFE-0FB1B0B3CFD9}.Release|Any CPU.Build.0 = Release|Any CPU
		{B148ABA9-3D25-4C48-8A65-E22F6DB04706}.Debug|Any CPU.ActiveCfg = Debug|Any CPU
		{B148ABA9-3D25-4C48-8A65-E22F6DB04706}.Debug|Any CPU.Build.0 = Debug|Any CPU
		{B148ABA9-3D25-4C48-8A65-E22F6DB04706}.Release|Any CPU.ActiveCfg = Release|Any CPU
		{B148ABA9-3D25-4C48-8A65-E22F6DB04706}.Release|Any CPU.Build.0 = Release|Any CPU
		{24321771-4B6B-467C-8836-E46ADBDDF4B8}.Debug|Any CPU.ActiveCfg = Debug|Any CPU
		{24321771-4B6B-467C-8836-E46ADBDDF4B8}.Debug|Any CPU.Build.0 = Debug|Any CPU
		{24321771-4B6B-467C-8836-E46ADBDDF4B8}.Release|Any CPU.ActiveCfg = Release|Any CPU
		{24321771-4B6B-467C-8836-E46ADBDDF4B8}.Release|Any CPU.Build.0 = Release|Any CPU
	EndGlobalSection
	GlobalSection(SolutionProperties) = preSolution
		HideSolutionNode = FALSE
	EndGlobalSection
	GlobalSection(ExtensibilityGlobals) = postSolution
		SolutionGuid = {6ACAD808-F972-432F-9579-DEE34C07C6BE}
	EndGlobalSection
EndGlobal
